
Microsoft Visual Studio Solution File, Format Version 12.00
# Visual Studio Version 17
VisualStudioVersion = 17.1.32328.378
MinimumVisualStudioVersion = 10.0.40219.1
Project("{9A19103F-16F7-4668-BE54-9A1E7A4F7556}") = "ReactionDiscordBot", "ReactionDiscordBot.csproj", "{5D48C359-DBB9-4B97-9970-AEE944B44234}"
EndProject
Global
	GlobalSection(SolutionConfigurationPlatforms) = preSolution
		Debug|Any CPU = Debug|Any CPU
		Release|Any CPU = Release|Any CPU
	EndGlobalSection
	GlobalSection(ProjectConfigurationPlatforms) = postSolution
		{5D48C359-DBB9-4B97-9970-AEE944B44234}.Debug|Any CPU.ActiveCfg = Debug|Any CPU
		{5D48C359-DBB9-4B97-9970-AEE944B44234}.Debug|Any CPU.Build.0 = Debug|Any CPU
		{5D48C359-DBB9-4B97-9970-AEE944B44234}.Release|Any CPU.ActiveCfg = Release|Any CPU
		{5D48C359-DBB9-4B97-9970-AEE944B44234}.Release|Any CPU.Build.0 = Release|Any CPU
	EndGlobalSection
	GlobalSection(SolutionProperties) = preSolution
		HideSolutionNode = FALSE
	EndGlobalSection
	GlobalSection(ExtensibilityGlobals) = postSolution
		SolutionGuid = {10A44F9B-2492-45AB-9212-3372B8F7F64D}
	EndGlobalSection
EndGlobal
